// !$*UTF8*$!
{
	archiveVersion = 1;
	classes = {
	};
	objectVersion = 48;
	objects = {

/* Begin PBXBuildFile section */
		CA15531B12536F63BA625CF3 /* Pods_ValidApp.framework in Frameworks */ = {isa = PBXBuildFile; fileRef = 0EF3FD06A08B478317D0E722 /* Pods_ValidApp.framework */; };
		D931B9E81F903ADB00D132AB /* AppDelegate.swift in Sources */ = {isa = PBXBuildFile; fileRef = D931B9E71F903ADB00D132AB /* AppDelegate.swift */; };
		D931B9EA1F903ADB00D132AB /* ViewController.swift in Sources */ = {isa = PBXBuildFile; fileRef = D931B9E91F903ADB00D132AB /* ViewController.swift */; };
		D931B9ED1F903ADB00D132AB /* Main.storyboard in Resources */ = {isa = PBXBuildFile; fileRef = D931B9EB1F903ADB00D132AB /* Main.storyboard */; };
		D931B9F01F903ADB00D132AB /* ValidApp.xcdatamodeld in Sources */ = {isa = PBXBuildFile; fileRef = D931B9EE1F903ADB00D132AB /* ValidApp.xcdatamodeld */; };
		D931B9F21F903ADB00D132AB /* Assets.xcassets in Resources */ = {isa = PBXBuildFile; fileRef = D931B9F11F903ADB00D132AB /* Assets.xcassets */; };
		D931B9F51F903ADB00D132AB /* LaunchScreen.storyboard in Resources */ = {isa = PBXBuildFile; fileRef = D931B9F31F903ADB00D132AB /* LaunchScreen.storyboard */; };
		D931B9FE1F90412200D132AB /* MovieModel.swift in Sources */ = {isa = PBXBuildFile; fileRef = D931B9FD1F90412200D132AB /* MovieModel.swift */; };
		D931BA021F90422800D132AB /* Genres.swift in Sources */ = {isa = PBXBuildFile; fileRef = D931BA011F90422800D132AB /* Genres.swift */; };
		D931BA041F90428A00D132AB /* Production_companies.swift in Sources */ = {isa = PBXBuildFile; fileRef = D931BA031F90428A00D132AB /* Production_companies.swift */; };
		D931BA061F9042D900D132AB /* Production_countries.swift in Sources */ = {isa = PBXBuildFile; fileRef = D931BA051F9042D900D132AB /* Production_countries.swift */; };
		D931BA081F9043C500D132AB /* Spoken_languages.swift in Sources */ = {isa = PBXBuildFile; fileRef = D931BA071F9043C500D132AB /* Spoken_languages.swift */; };
		D931BA0B1F90468B00D132AB /* VAConstants.swift in Sources */ = {isa = PBXBuildFile; fileRef = D931BA0A1F90468B00D132AB /* VAConstants.swift */; };
		D931BA0D1F90488900D132AB /* FavoriteViewController.swift in Sources */ = {isa = PBXBuildFile; fileRef = D931BA0C1F90488900D132AB /* FavoriteViewController.swift */; };
		D931BA0F1F9049D800D132AB /* SearchMovieViewController.swift in Sources */ = {isa = PBXBuildFile; fileRef = D931BA0E1F9049D800D132AB /* SearchMovieViewController.swift */; };
		D931BA151F904F1E00D132AB /* VAMovieTableViewCell.swift in Sources */ = {isa = PBXBuildFile; fileRef = D931BA131F904F1E00D132AB /* VAMovieTableViewCell.swift */; };
		D931BA161F904F1E00D132AB /* VAMovieTableViewCell.xib in Resources */ = {isa = PBXBuildFile; fileRef = D931BA141F904F1E00D132AB /* VAMovieTableViewCell.xib */; };
		D976DDE71F905D6A00FD36BF /* SearchModel.swift in Sources */ = {isa = PBXBuildFile; fileRef = D976DDE61F905D6A00FD36BF /* SearchModel.swift */; };
		D976DDE91F905D9F00FD36BF /* Results.swift in Sources */ = {isa = PBXBuildFile; fileRef = D976DDE81F905D9F00FD36BF /* Results.swift */; };
/* End PBXBuildFile section */

/* Begin PBXCopyFilesBuildPhase section */
		D976DDE51F905C8B00FD36BF /* Embed Frameworks */ = {
			isa = PBXCopyFilesBuildPhase;
			buildActionMask = 2147483647;
			dstPath = "";
			dstSubfolderSpec = 10;
			files = (
			);
			name = "Embed Frameworks";
			runOnlyForDeploymentPostprocessing = 0;
		};
/* End PBXCopyFilesBuildPhase section */

/* Begin PBXFileReference section */
		0EF3FD06A08B478317D0E722 /* Pods_ValidApp.framework */ = {isa = PBXFileReference; explicitFileType = wrapper.framework; includeInIndex = 0; path = Pods_ValidApp.framework; sourceTree = BUILT_PRODUCTS_DIR; };
		C9429075444DD5B911F82263 /* Pods-ValidApp.release.xcconfig */ = {isa = PBXFileReference; includeInIndex = 1; lastKnownFileType = text.xcconfig; name = "Pods-ValidApp.release.xcconfig"; path = "Pods/Target Support Files/Pods-ValidApp/Pods-ValidApp.release.xcconfig"; sourceTree = "<group>"; };
		D931B9E41F903ADB00D132AB /* ValidApp.app */ = {isa = PBXFileReference; explicitFileType = wrapper.application; includeInIndex = 0; path = ValidApp.app; sourceTree = BUILT_PRODUCTS_DIR; };
		D931B9E71F903ADB00D132AB /* AppDelegate.swift */ = {isa = PBXFileReference; lastKnownFileType = sourcecode.swift; path = AppDelegate.swift; sourceTree = "<group>"; };
		D931B9E91F903ADB00D132AB /* ViewController.swift */ = {isa = PBXFileReference; lastKnownFileType = sourcecode.swift; path = ViewController.swift; sourceTree = "<group>"; };
		D931B9EC1F903ADB00D132AB /* Base */ = {isa = PBXFileReference; lastKnownFileType = file.storyboard; name = Base; path = Base.lproj/Main.storyboard; sourceTree = "<group>"; };
		D931B9EF1F903ADB00D132AB /* ValidApp.xcdatamodel */ = {isa = PBXFileReference; lastKnownFileType = wrapper.xcdatamodel; path = ValidApp.xcdatamodel; sourceTree = "<group>"; };
		D931B9F11F903ADB00D132AB /* Assets.xcassets */ = {isa = PBXFileReference; lastKnownFileType = folder.assetcatalog; path = Assets.xcassets; sourceTree = "<group>"; };
		D931B9F41F903ADB00D132AB /* Base */ = {isa = PBXFileReference; lastKnownFileType = file.storyboard; name = Base; path = Base.lproj/LaunchScreen.storyboard; sourceTree = "<group>"; };
		D931B9F61F903ADB00D132AB /* Info.plist */ = {isa = PBXFileReference; lastKnownFileType = text.plist.xml; path = Info.plist; sourceTree = "<group>"; };
		D931B9FD1F90412200D132AB /* MovieModel.swift */ = {isa = PBXFileReference; lastKnownFileType = sourcecode.swift; path = MovieModel.swift; sourceTree = "<group>"; };
		D931BA011F90422800D132AB /* Genres.swift */ = {isa = PBXFileReference; lastKnownFileType = sourcecode.swift; path = Genres.swift; sourceTree = "<group>"; };
		D931BA031F90428A00D132AB /* Production_companies.swift */ = {isa = PBXFileReference; lastKnownFileType = sourcecode.swift; path = Production_companies.swift; sourceTree = "<group>"; };
		D931BA051F9042D900D132AB /* Production_countries.swift */ = {isa = PBXFileReference; lastKnownFileType = sourcecode.swift; path = Production_countries.swift; sourceTree = "<group>"; };
		D931BA071F9043C500D132AB /* Spoken_languages.swift */ = {isa = PBXFileReference; lastKnownFileType = sourcecode.swift; path = Spoken_languages.swift; sourceTree = "<group>"; };
		D931BA0A1F90468B00D132AB /* VAConstants.swift */ = {isa = PBXFileReference; lastKnownFileType = sourcecode.swift; path = VAConstants.swift; sourceTree = "<group>"; };
		D931BA0C1F90488900D132AB /* FavoriteViewController.swift */ = {isa = PBXFileReference; lastKnownFileType = sourcecode.swift; path = FavoriteViewController.swift; sourceTree = "<group>"; };
		D931BA0E1F9049D800D132AB /* SearchMovieViewController.swift */ = {isa = PBXFileReference; lastKnownFileType = sourcecode.swift; path = SearchMovieViewController.swift; sourceTree = "<group>"; };
		D931BA121F904B6000D132AB /* LagDetailCell.xib */ = {isa = PBXFileReference; lastKnownFileType = file.xib; path = LagDetailCell.xib; sourceTree = "<group>"; };
		D931BA131F904F1E00D132AB /* VAMovieTableViewCell.swift */ = {isa = PBXFileReference; lastKnownFileType = sourcecode.swift; path = VAMovieTableViewCell.swift; sourceTree = "<group>"; };
		D931BA141F904F1E00D132AB /* VAMovieTableViewCell.xib */ = {isa = PBXFileReference; lastKnownFileType = file.xib; path = VAMovieTableViewCell.xib; sourceTree = "<group>"; };
		D976DDE61F905D6A00FD36BF /* SearchModel.swift */ = {isa = PBXFileReference; lastKnownFileType = sourcecode.swift; path = SearchModel.swift; sourceTree = "<group>"; };
		D976DDE81F905D9F00FD36BF /* Results.swift */ = {isa = PBXFileReference; lastKnownFileType = sourcecode.swift; path = Results.swift; sourceTree = "<group>"; };
		E865793D2B2CEC70FAB50376 /* Pods-ValidApp.debug.xcconfig */ = {isa = PBXFileReference; includeInIndex = 1; lastKnownFileType = text.xcconfig; name = "Pods-ValidApp.debug.xcconfig"; path = "Pods/Target Support Files/Pods-ValidApp/Pods-ValidApp.debug.xcconfig"; sourceTree = "<group>"; };
/* End PBXFileReference section */

/* Begin PBXFrameworksBuildPhase section */
		D931B9E11F903ADB00D132AB /* Frameworks */ = {
			isa = PBXFrameworksBuildPhase;
			buildActionMask = 2147483647;
			files = (
				CA15531B12536F63BA625CF3 /* Pods_ValidApp.framework in Frameworks */,
			);
			runOnlyForDeploymentPostprocessing = 0;
		};
/* End PBXFrameworksBuildPhase section */

/* Begin PBXGroup section */
		0D4871CB3F3AB9629E0BD714 /* Pods */ = {
			isa = PBXGroup;
			children = (
				E865793D2B2CEC70FAB50376 /* Pods-ValidApp.debug.xcconfig */,
				C9429075444DD5B911F82263 /* Pods-ValidApp.release.xcconfig */,
			);
			name = Pods;
			sourceTree = "<group>";
		};
		93ECFF072DDBD1A681BD4F30 /* Frameworks */ = {
			isa = PBXGroup;
			children = (
				0EF3FD06A08B478317D0E722 /* Pods_ValidApp.framework */,
			);
			name = Frameworks;
			sourceTree = "<group>";
		};
		D931B9DB1F903ADB00D132AB = {
			isa = PBXGroup;
			children = (
				D931B9E61F903ADB00D132AB /* ValidApp */,
				D931B9E51F903ADB00D132AB /* Products */,
				0D4871CB3F3AB9629E0BD714 /* Pods */,
				93ECFF072DDBD1A681BD4F30 /* Frameworks */,
			);
			sourceTree = "<group>";
		};
		D931B9E51F903ADB00D132AB /* Products */ = {
			isa = PBXGroup;
			children = (
				D931B9E41F903ADB00D132AB /* ValidApp.app */,
			);
			name = Products;
			sourceTree = "<group>";
		};
		D931B9E61F903ADB00D132AB /* ValidApp */ = {
			isa = PBXGroup;
			children = (
				D931BA101F904B2400D132AB /* Xib */,
				D931BA091F90466E00D132AB /* Utilies */,
				D931B9FC1F9040D000D132AB /* Model */,
				D931B9E71F903ADB00D132AB /* AppDelegate.swift */,
				D931B9E91F903ADB00D132AB /* ViewController.swift */,
				D931B9EB1F903ADB00D132AB /* Main.storyboard */,
				D931BA0E1F9049D800D132AB /* SearchMovieViewController.swift */,
				D931BA0C1F90488900D132AB /* FavoriteViewController.swift */,
				D931B9F11F903ADB00D132AB /* Assets.xcassets */,
				D931B9F31F903ADB00D132AB /* LaunchScreen.storyboard */,
				D931B9F61F903ADB00D132AB /* Info.plist */,
				D931B9EE1F903ADB00D132AB /* ValidApp.xcdatamodeld */,
			);
			path = ValidApp;
			sourceTree = "<group>";
		};
		D931B9FC1F9040D000D132AB /* Model */ = {
			isa = PBXGroup;
			children = (
				D931B9FD1F90412200D132AB /* MovieModel.swift */,
				D931BA011F90422800D132AB /* Genres.swift */,
				D931BA031F90428A00D132AB /* Production_companies.swift */,
				D931BA051F9042D900D132AB /* Production_countries.swift */,
				D931BA071F9043C500D132AB /* Spoken_languages.swift */,
				D976DDE61F905D6A00FD36BF /* SearchModel.swift */,
				D976DDE81F905D9F00FD36BF /* Results.swift */,
			);
			path = Model;
			sourceTree = "<group>";
		};
		D931BA091F90466E00D132AB /* Utilies */ = {
			isa = PBXGroup;
			children = (
				D931BA0A1F90468B00D132AB /* VAConstants.swift */,
			);
			path = Utilies;
			sourceTree = "<group>";
		};
		D931BA101F904B2400D132AB /* Xib */ = {
			isa = PBXGroup;
			children = (
				D931BA121F904B6000D132AB /* LagDetailCell.xib */,
				D931BA131F904F1E00D132AB /* VAMovieTableViewCell.swift */,
				D931BA141F904F1E00D132AB /* VAMovieTableViewCell.xib */,
			);
			path = Xib;
			sourceTree = "<group>";
		};
/* End PBXGroup section */

/* Begin PBXNativeTarget section */
		D931B9E31F903ADB00D132AB /* ValidApp */ = {
			isa = PBXNativeTarget;
			buildConfigurationList = D931B9F91F903ADB00D132AB /* Build configuration list for PBXNativeTarget "ValidApp" */;
			buildPhases = (
				D2BC26BECF8E8628B27CD585 /* [CP] Check Pods Manifest.lock */,
				D931B9E01F903ADB00D132AB /* Sources */,
				D931B9E11F903ADB00D132AB /* Frameworks */,
				D931B9E21F903ADB00D132AB /* Resources */,
				D976DDE51F905C8B00FD36BF /* Embed Frameworks */,
				978C647A9BAF82BFB93B2EBA /* [CP] Embed Pods Frameworks */,
				4C275C43D0EB101D341B775C /* [CP] Copy Pods Resources */,
			);
			buildRules = (
			);
			dependencies = (
			);
			name = ValidApp;
			productName = ValidApp;
			productReference = D931B9E41F903ADB00D132AB /* ValidApp.app */;
			productType = "com.apple.product-type.application";
		};
/* End PBXNativeTarget section */

/* Begin PBXProject section */
		D931B9DC1F903ADB00D132AB /* Project object */ = {
			isa = PBXProject;
			attributes = {
				LastSwiftUpdateCheck = 0900;
				LastUpgradeCheck = 0900;
				ORGANIZATIONNAME = carlosparada;
				TargetAttributes = {
					D931B9E31F903ADB00D132AB = {
						CreatedOnToolsVersion = 9.0;
						ProvisioningStyle = Automatic;
					};
				};
			};
			buildConfigurationList = D931B9DF1F903ADB00D132AB /* Build configuration list for PBXProject "ValidApp" */;
			compatibilityVersion = "Xcode 8.0";
			developmentRegion = en;
			hasScannedForEncodings = 0;
			knownRegions = (
				en,
				Base,
			);
			mainGroup = D931B9DB1F903ADB00D132AB;
			productRefGroup = D931B9E51F903ADB00D132AB /* Products */;
			projectDirPath = "";
			projectRoot = "";
			targets = (
				D931B9E31F903ADB00D132AB /* ValidApp */,
			);
		};
/* End PBXProject section */

/* Begin PBXResourcesBuildPhase section */
		D931B9E21F903ADB00D132AB /* Resources */ = {
			isa = PBXResourcesBuildPhase;
			buildActionMask = 2147483647;
			files = (
				D931B9F51F903ADB00D132AB /* LaunchScreen.storyboard in Resources */,
				D931B9F21F903ADB00D132AB /* Assets.xcassets in Resources */,
				D931B9ED1F903ADB00D132AB /* Main.storyboard in Resources */,
				D931BA161F904F1E00D132AB /* VAMovieTableViewCell.xib in Resources */,
			);
			runOnlyForDeploymentPostprocessing = 0;
		};
/* End PBXResourcesBuildPhase section */

/* Begin PBXShellScriptBuildPhase section */
		4C275C43D0EB101D341B775C /* [CP] Copy Pods Resources */ = {
			isa = PBXShellScriptBuildPhase;
			buildActionMask = 2147483647;
			files = (
			);
			inputPaths = (
			);
			name = "[CP] Copy Pods Resources";
			outputPaths = (
			);
			runOnlyForDeploymentPostprocessing = 0;
			shellPath = /bin/sh;
			shellScript = "\"${SRCROOT}/Pods/Target Support Files/Pods-ValidApp/Pods-ValidApp-resources.sh\"\n";
			showEnvVarsInLog = 0;
		};
		978C647A9BAF82BFB93B2EBA /* [CP] Embed Pods Frameworks */ = {
			isa = PBXShellScriptBuildPhase;
			buildActionMask = 2147483647;
			files = (
			);
			inputPaths = (
				"${SRCROOT}/Pods/Target Support Files/Pods-ValidApp/Pods-ValidApp-frameworks.sh",
				"${BUILT_PRODUCTS_DIR}/Alamofire/Alamofire.framework",
				"${BUILT_PRODUCTS_DIR}/AlamofireImage/AlamofireImage.framework",
			);
			name = "[CP] Embed Pods Frameworks";
			outputPaths = (
				"${TARGET_BUILD_DIR}/${FRAMEWORKS_FOLDER_PATH}/Alamofire.framework",
				"${TARGET_BUILD_DIR}/${FRAMEWORKS_FOLDER_PATH}/AlamofireImage.framework",
			);
			runOnlyForDeploymentPostprocessing = 0;
			shellPath = /bin/sh;
			shellScript = "\"${SRCROOT}/Pods/Target Support Files/Pods-ValidApp/Pods-ValidApp-frameworks.sh\"\n";
			showEnvVarsInLog = 0;
		};
		D2BC26BECF8E8628B27CD585 /* [CP] Check Pods Manifest.lock */ = {
			isa = PBXShellScriptBuildPhase;
			buildActionMask = 2147483647;
			files = (
			);
			inputPaths = (
				"${PODS_PODFILE_DIR_PATH}/Podfile.lock",
				"${PODS_ROOT}/Manifest.lock",
			);
			name = "[CP] Check Pods Manifest.lock";
			outputPaths = (
				"$(DERIVED_FILE_DIR)/Pods-ValidApp-checkManifestLockResult.txt",
			);
			runOnlyForDeploymentPostprocessing = 0;
			shellPath = /bin/sh;
			shellScript = "diff \"${PODS_PODFILE_DIR_PATH}/Podfile.lock\" \"${PODS_ROOT}/Manifest.lock\" > /dev/null\nif [ $? != 0 ] ; then\n    # print error to STDERR\n    echo \"error: The sandbox is not in sync with the Podfile.lock. Run 'pod install' or update your CocoaPods installation.\" >&2\n    exit 1\nfi\n# This output is used by Xcode 'outputs' to avoid re-running this script phase.\necho \"SUCCESS\" > \"${SCRIPT_OUTPUT_FILE_0}\"\n";
			showEnvVarsInLog = 0;
		};
/* End PBXShellScriptBuildPhase section */

/* Begin PBXSourcesBuildPhase section */
		D931B9E01F903ADB00D132AB /* Sources */ = {
			isa = PBXSourcesBuildPhase;
			buildActionMask = 2147483647;
			files = (
				D976DDE71F905D6A00FD36BF /* SearchModel.swift in Sources */,
				D931BA061F9042D900D132AB /* Production_countries.swift in Sources */,
				D931BA0B1F90468B00D132AB /* VAConstants.swift in Sources */,
				D931B9FE1F90412200D132AB /* MovieModel.swift in Sources */,
				D931BA021F90422800D132AB /* Genres.swift in Sources */,
				D931BA0D1F90488900D132AB /* FavoriteViewController.swift in Sources */,
				D931B9F01F903ADB00D132AB /* ValidApp.xcdatamodeld in Sources */,
				D931BA0F1F9049D800D132AB /* SearchMovieViewController.swift in Sources */,
				D931B9EA1F903ADB00D132AB /* ViewController.swift in Sources */,
				D931BA041F90428A00D132AB /* Production_companies.swift in Sources */,
				D976DDE91F905D9F00FD36BF /* Results.swift in Sources */,
				D931B9E81F903ADB00D132AB /* AppDelegate.swift in Sources */,
				D931BA081F9043C500D132AB /* Spoken_languages.swift in Sources */,
				D931BA151F904F1E00D132AB /* VAMovieTableViewCell.swift in Sources */,
			);
			runOnlyForDeploymentPostprocessing = 0;
		};
/* End PBXSourcesBuildPhase section */

/* Begin PBXVariantGroup section */
		D931B9EB1F903ADB00D132AB /* Main.storyboard */ = {
			isa = PBXVariantGroup;
			children = (
				D931B9EC1F903ADB00D132AB /* Base */,
			);
			name = Main.storyboard;
			sourceTree = "<group>";
		};
		D931B9F31F903ADB00D132AB /* LaunchScreen.storyboard */ = {
			isa = PBXVariantGroup;
			children = (
				D931B9F41F903ADB00D132AB /* Base */,
			);
			name = LaunchScreen.storyboard;
			sourceTree = "<group>";
		};
/* End PBXVariantGroup section */

/* Begin XCBuildConfiguration section */
		D931B9F71F903ADB00D132AB /* Debug */ = {
			isa = XCBuildConfiguration;
			buildSettings = {
				ALWAYS_SEARCH_USER_PATHS = NO;
				CLANG_ANALYZER_NONNULL = YES;
				CLANG_ANALYZER_NUMBER_OBJECT_CONVERSION = YES_AGGRESSIVE;
				CLANG_CXX_LANGUAGE_STANDARD = "gnu++14";
				CLANG_CXX_LIBRARY = "libc++";
				CLANG_ENABLE_MODULES = YES;
				CLANG_ENABLE_OBJC_ARC = YES;
				CLANG_WARN_BLOCK_CAPTURE_AUTORELEASING = YES;
				CLANG_WARN_BOOL_CONVERSION = YES;
				CLANG_WARN_COMMA = YES;
				CLANG_WARN_CONSTANT_CONVERSION = YES;
				CLANG_WARN_DIRECT_OBJC_ISA_USAGE = YES_ERROR;
				CLANG_WARN_DOCUMENTATION_COMMENTS = YES;
				CLANG_WARN_EMPTY_BODY = YES;
				CLANG_WARN_ENUM_CONVERSION = YES;
				CLANG_WARN_INFINITE_RECURSION = YES;
				CLANG_WARN_INT_CONVERSION = YES;
				CLANG_WARN_NON_LITERAL_NULL_CONVERSION = YES;
				CLANG_WARN_OBJC_LITERAL_CONVERSION = YES;
				CLANG_WARN_OBJC_ROOT_CLASS = YES_ERROR;
				CLANG_WARN_RANGE_LOOP_ANALYSIS = YES;
				CLANG_WARN_STRICT_PROTOTYPES = YES;
				CLANG_WARN_SUSPICIOUS_MOVE = YES;
				CLANG_WARN_UNGUARDED_AVAILABILITY = YES_AGGRESSIVE;
				CLANG_WARN_UNREACHABLE_CODE = YES;
				CLANG_WARN__DUPLICATE_METHOD_MATCH = YES;
				CODE_SIGN_IDENTITY = "iPhone Developer";
				COPY_PHASE_STRIP = NO;
				DEBUG_INFORMATION_FORMAT = dwarf;
				ENABLE_STRICT_OBJC_MSGSEND = YES;
				ENABLE_TESTABILITY = YES;
				GCC_C_LANGUAGE_STANDARD = gnu11;
				GCC_DYNAMIC_NO_PIC = NO;
				GCC_NO_COMMON_BLOCKS = YES;
				GCC_OPTIMIZATION_LEVEL = 0;
				GCC_PREPROCESSOR_DEFINITIONS = (
					"DEBUG=1",
					"$(inherited)",
				);
				GCC_WARN_64_TO_32_BIT_CONVERSION = YES;
				GCC_WARN_ABOUT_RETURN_TYPE = YES_ERROR;
				GCC_WARN_UNDECLARED_SELECTOR = YES;
				GCC_WARN_UNINITIALIZED_AUTOS = YES_AGGRESSIVE;
				GCC_WARN_UNUSED_FUNCTION = YES;
				GCC_WARN_UNUSED_VARIABLE = YES;
				IPHONEOS_DEPLOYMENT_TARGET = 11.0;
				MTL_ENABLE_DEBUG_INFO = YES;
				ONLY_ACTIVE_ARCH = YES;
				SDKROOT = iphoneos;
				SWIFT_ACTIVE_COMPILATION_CONDITIONS = DEBUG;
				SWIFT_OPTIMIZATION_LEVEL = "-Onone";
			};
			name = Debug;
		};
		D931B9F81F903ADB00D132AB /* Release */ = {
			isa = XCBuildConfiguration;
			buildSettings = {
				ALWAYS_SEARCH_USER_PATHS = NO;
				CLANG_ANALYZER_NONNULL = YES;
				CLANG_ANALYZER_NUMBER_OBJECT_CONVERSION = YES_AGGRESSIVE;
				CLANG_CXX_LANGUAGE_STANDARD = "gnu++14";
				CLANG_CXX_LIBRARY = "libc++";
				CLANG_ENABLE_MODULES = YES;
				CLANG_ENABLE_OBJC_ARC = YES;
				CLANG_WARN_BLOCK_CAPTURE_AUTORELEASING = YES;
				CLANG_WARN_BOOL_CONVERSION = YES;
				CLANG_WARN_COMMA = YES;
				CLANG_WARN_CONSTANT_CONVERSION = YES;
				CLANG_WARN_DIRECT_OBJC_ISA_USAGE = YES_ERROR;
				CLANG_WARN_DOCUMENTATION_COMMENTS = YES;
				CLANG_WARN_EMPTY_BODY = YES;
				CLANG_WARN_ENUM_CONVERSION = YES;
				CLANG_WARN_INFINITE_RECURSION = YES;
				CLANG_WARN_INT_CONVERSION = YES;
				CLANG_WARN_NON_LITERAL_NULL_CONVERSION = YES;
				CLANG_WARN_OBJC_LITERAL_CONVERSION = YES;
				CLANG_WARN_OBJC_ROOT_CLASS = YES_ERROR;
				CLANG_WARN_RANGE_LOOP_ANALYSIS = YES;
				CLANG_WARN_STRICT_PROTOTYPES = YES;
				CLANG_WARN_SUSPICIOUS_MOVE = YES;
				CLANG_WARN_UNGUARDED_AVAILABILITY = YES_AGGRESSIVE;
				CLANG_WARN_UNREACHABLE_CODE = YES;
				CLANG_WARN__DUPLICATE_METHOD_MATCH = YES;
				CODE_SIGN_IDENTITY = "iPhone Developer";
				COPY_PHASE_STRIP = NO;
				DEBUG_INFORMATION_FORMAT = "dwarf-with-dsym";
				ENABLE_NS_ASSERTIONS = NO;
				ENABLE_STRICT_OBJC_MSGSEND = YES;
				GCC_C_LANGUAGE_STANDARD = gnu11;
				GCC_NO_COMMON_BLOCKS = YES;
				GCC_WARN_64_TO_32_BIT_CONVERSION = YES;
				GCC_WARN_ABOUT_RETURN_TYPE = YES_ERROR;
				GCC_WARN_UNDECLARED_SELECTOR = YES;
				GCC_WARN_UNINITIALIZED_AUTOS = YES_AGGRESSIVE;
				GCC_WARN_UNUSED_FUNCTION = YES;
				GCC_WARN_UNUSED_VARIABLE = YES;
				IPHONEOS_DEPLOYMENT_TARGET = 11.0;
				MTL_ENABLE_DEBUG_INFO = NO;
				SDKROOT = iphoneos;
				SWIFT_OPTIMIZATION_LEVEL = "-Owholemodule";
				VALIDATE_PRODUCT = YES;
			};
			name = Release;
		};
		D931B9FA1F903ADB00D132AB /* Debug */ = {
			isa = XCBuildConfiguration;
			baseConfigurationReference = E865793D2B2CEC70FAB50376 /* Pods-ValidApp.debug.xcconfig */;
			buildSettings = {
				ALWAYS_EMBED_SWIFT_STANDARD_LIBRARIES = YES;
				ASSETCATALOG_COMPILER_APPICON_NAME = AppIcon;
				CODE_SIGN_STYLE = Automatic;
				DEVELOPMENT_TEAM = 8R49A3XR5X;
				INFOPLIST_FILE = ValidApp/Info.plist;
				LD_RUNPATH_SEARCH_PATHS = "$(inherited) @executable_path/Frameworks";
				PRODUCT_BUNDLE_IDENTIFIER = com.carlosparada.ValidApp;
				PRODUCT_NAME = "$(TARGET_NAME)";
				SWIFT_VERSION = 4.0;
				TARGETED_DEVICE_FAMILY = "1,2";
			};
			name = Debug;
		};
		D931B9FB1F903ADB00D132AB /* Release */ = {
			isa = XCBuildConfiguration;
			baseConfigurationReference = C9429075444DD5B911F82263 /* Pods-ValidApp.release.xcconfig */;
			buildSettings = {
				ALWAYS_EMBED_SWIFT_STANDARD_LIBRARIES = YES;
				ASSETCATALOG_COMPILER_APPICON_NAME = AppIcon;
				CODE_SIGN_STYLE = Automatic;
				DEVELOPMENT_TEAM = 8R49A3XR5X;
				INFOPLIST_FILE = ValidApp/Info.plist;
				LD_RUNPATH_SEARCH_PATHS = "$(inherited) @executable_path/Frameworks";
				PRODUCT_BUNDLE_IDENTIFIER = com.carlosparada.ValidApp;
				PRODUCT_NAME = "$(TARGET_NAME)";
				SWIFT_VERSION = 4.0;
				TARGETED_DEVICE_FAMILY = "1,2";
			};
			name = Release;
		};
/* End XCBuildConfiguration section */

/* Begin XCConfigurationList section */
		D931B9DF1F903ADB00D132AB /* Build configuration list for PBXProject "ValidApp" */ = {
			isa = XCConfigurationList;
			buildConfigurations = (
				D931B9F71F903ADB00D132AB /* Debug */,
				D931B9F81F903ADB00D132AB /* Release */,
			);
			defaultConfigurationIsVisible = 0;
			defaultConfigurationName = Release;
		};
		D931B9F91F903ADB00D132AB /* Build configuration list for PBXNativeTarget "ValidApp" */ = {
			isa = XCConfigurationList;
			buildConfigurations = (
				D931B9FA1F903ADB00D132AB /* Debug */,
				D931B9FB1F903ADB00D132AB /* Release */,
			);
			defaultConfigurationIsVisible = 0;
			defaultConfigurationName = Release;
		};
/* End XCConfigurationList section */

/* Begin XCVersionGroup section */
		D931B9EE1F903ADB00D132AB /* ValidApp.xcdatamodeld */ = {
			isa = XCVersionGroup;
			children = (
				D931B9EF1F903ADB00D132AB /* ValidApp.xcdatamodel */,
			);
			currentVersion = D931B9EF1F903ADB00D132AB /* ValidApp.xcdatamodel */;
			path = ValidApp.xcdatamodeld;
			sourceTree = "<group>";
			versionGroupType = wrapper.xcdatamodel;
		};
/* End XCVersionGroup section */
	};
	rootObject = D931B9DC1F903ADB00D132AB /* Project object */;
}
